lockfileVersion: '6.1'

settings:
  autoInstallPeers: true
  excludeLinksFromLockfile: false

devDependencies:
  '@types/glob':
    specifier: ^8.1.0
    version: 8.1.0
  '@types/node':
    specifier: ^20.2.5
    version: 20.2.5
  date-fns:
    specifier: ^2.30.0
    version: 2.30.0
  glob:
    specifier: ^10.2.6
    version: 10.2.6
  gray-matter:
    specifier: ^4.0.3
    version: 4.0.3
  tsx:
    specifier: ^3.12.7
    version: 3.12.7
  typescript:
    specifier: ^5.0.4
    version: 5.0.4
  vitepress:
    specifier: 1.0.0-beta.1
    version: 1.0.0-beta.1(@types/node@20.2.5)
  vue:
    specifier: ^3.3.4
    version: 3.3.4

packages:

  /@algolia/autocomplete-core@1.8.2:
    resolution: {integrity: sha512-mTeshsyFhAqw/ebqNsQpMtbnjr+qVOSKXArEj4K0d7sqc8It1XD0gkASwecm9mF/jlOQ4Z9RNg1HbdA8JPdRwQ==}
    dependencies:
      '@algolia/autocomplete-shared': 1.8.2
    dev: true

  /@algolia/autocomplete-preset-algolia@1.8.2(algoliasearch@4.17.1):
    resolution: {integrity: sha512-J0oTx4me6ZM9kIKPuL3lyU3aB8DEvpVvR6xWmHVROx5rOYJGQcZsdG4ozxwcOyiiu3qxMkIbzntnV1S1VWD8yA==}
    peerDependencies:
      '@algolia/client-search': '>= 4.9.1 < 6'
      algoliasearch: '>= 4.9.1 < 6'
    peerDependenciesMeta:
      '@algolia/client-search':
        optional: true
    dependencies:
      '@algolia/autocomplete-shared': 1.8.2
      algoliasearch: 4.17.1
    dev: true

  /@algolia/autocomplete-shared@1.8.2:
    resolution: {integrity: sha512-b6Z/X4MczChMcfhk6kfRmBzPgjoPzuS9KGR4AFsiLulLNRAAqhP+xZTKtMnZGhLuc61I20d5WqlId02AZvcO6g==}
    dev: true

  /@algolia/cache-browser-local-storage@4.17.1:
    resolution: {integrity: sha512-e91Jpu93X3t3mVdQwF3ZDjSFMFIfzSc+I76G4EX8nl9RYXgqcjframoL05VTjcD2YCsI18RIHAWVCBoCXVZnrw==}
    dependencies:
      '@algolia/cache-common': 4.17.1
    dev: true

  /@algolia/cache-common@4.17.1:
    resolution: {integrity: sha512-fvi1WT8aSiGAKrcTw8Qg3RYgcwW8GZMHcqEm4AyDBEy72JZlFBSY80cTQ75MslINjCHXLDT+9EN8AGI9WVY7uA==}
    dev: true

  /@algolia/cache-in-memory@4.17.1:
    resolution: {integrity: sha512-NbBt6eBWlsXc5geSpfPRC5dkIB/0Ptthw8r0yM5Z7D3sPlYdnTZSO9y9XWXIptRMwmZe4cM8iBMN8y0tzbcBkA==}
    dependencies:
      '@algolia/cache-common': 4.17.1
    dev: true

  /@algolia/client-account@4.17.1:
    resolution: {integrity: sha512-3rL/6ofJvyL+q8TiWM3qoM9tig+SY4gB1Vbsj+UeJPnJm8Khm+7OS+r+mFraqR6pTehYqN8yGYoE7x4diEn4aA==}
    dependencies:
      '@algolia/client-common': 4.17.1
      '@algolia/client-search': 4.17.1
      '@algolia/transporter': 4.17.1
    dev: true

  /@algolia/client-analytics@4.17.1:
    resolution: {integrity: sha512-Bepr2w249vODqeBtM7i++tPmUsQ9B81aupUGbDWmjA/FX+jzQqOdhW8w1CFO5kWViNKTbz2WBIJ9U3x8hOa4bA==}
    dependencies:
      '@algolia/client-common': 4.17.1
      '@algolia/client-search': 4.17.1
      '@algolia/requester-common': 4.17.1
      '@algolia/transporter': 4.17.1
    dev: true

  /@algolia/client-common@4.17.1:
    resolution: {integrity: sha512-+r7kg4EgbFnGsDnoGSVNtXZO8xvZ0vzf1WAOV7sqV9PMf1bp6cpJP/3IuPrSk4t5w2KVl+pC8jfTM7HcFlfBEQ==}
    dependencies:
      '@algolia/requester-common': 4.17.1
      '@algolia/transporter': 4.17.1
    dev: true

  /@algolia/client-personalization@4.17.1:
    resolution: {integrity: sha512-gJku9DG/THJpfsSlG/az0a3QIn+VVff9kKh8PG8+7ZfxOHS+C+Y5YSeZVsC+c2cfoKLPo3CuHIiJ/p86erR3bA==}
    dependencies:
      '@algolia/client-common': 4.17.1
      '@algolia/requester-common': 4.17.1
      '@algolia/transporter': 4.17.1
    dev: true

  /@algolia/client-search@4.17.1:
    resolution: {integrity: sha512-Q5YfT5gVkx60PZDQBqp/zH9aUbBdC7HVvxupiHUgnCKqRQsRZjOhLest7AI6FahepuZLBZS62COrO7v+JvKY7w==}
    dependencies:
      '@algolia/client-common': 4.17.1
      '@algolia/requester-common': 4.17.1
      '@algolia/transporter': 4.17.1
    dev: true

  /@algolia/logger-common@4.17.1:
    resolution: {integrity: sha512-Us28Ot+fLEmX9M96sa65VZ8EyEEzhYPxfhV9aQyKDjfXbUdJlJxKt6wZpoEg9RAPSdO8IjK9nmuW2P8au3rRsg==}
    dev: true

  /@algolia/logger-console@4.17.1:
    resolution: {integrity: sha512-iKGQTpOjHiE64W3JIOu6dmDvn+AfYIElI9jf/Nt6umRPmP/JI9rK+OHUoW4pKrBtdG0DPd62ppeNXzSnLxY6/g==}
    dependencies:
      '@algolia/logger-common': 4.17.1
    dev: true

  /@algolia/requester-browser-xhr@4.17.1:
    resolution: {integrity: sha512-W5mGfGDsyfVR+r4pUFrYLGBEM18gs38+GNt5PE5uPULy4uVTSnnVSkJkWeRkmLBk9zEZ/Nld8m4zavK6dtEuYg==}
    dependencies:
      '@algolia/requester-common': 4.17.1
    dev: true

  /@algolia/requester-common@4.17.1:
    resolution: {integrity: sha512-HggXdjvVFQR0I5l7hM5WdHgQ1tqcRWeyXZz8apQ7zPWZhirmY2E9D6LVhDh/UnWQNEm7nBtM+eMFONJ3bZccIQ==}
    dev: true

  /@algolia/requester-node-http@4.17.1:
    resolution: {integrity: sha512-NzFWecXT6d0PPsQY9L+/qoK2deF74OLcpvqCH+Vh3mh+QzPsFafcBExdguAjZsAWDn1R6JEeFW7/fo/p0SE57w==}
    dependencies:
      '@algolia/requester-common': 4.17.1
    dev: true

  /@algolia/transporter@4.17.1:
    resolution: {integrity: sha512-ZM+qhX47Vh46mWH8/U9ihvy98HdTYpYQDSlqBD7IbiUbbyoCMke+qmdSX2MGhR2FCcXBSxejsJKKVAfbpaLVgg==}
    dependencies:
      '@algolia/cache-common': 4.17.1
      '@algolia/logger-common': 4.17.1
      '@algolia/requester-common': 4.17.1
    dev: true

  /@babel/helper-string-parser@7.21.5:
    resolution: {integrity: sha512-5pTUx3hAJaZIdW99sJ6ZUUgWq/Y+Hja7TowEnLNMm1VivRgZQL3vpBY3qUACVsvw+yQU6+YgfBVmcbLaZtrA1w==}
    engines: {node: '>=6.9.0'}
    dev: true

  /@babel/helper-validator-identifier@7.19.1:
    resolution: {integrity: sha512-awrNfaMtnHUr653GgGEs++LlAvW6w+DcPrOliSMXWCKo597CwL5Acf/wWdNkf/tfEQE3mjkeD1YOVZOUV/od1w==}
    engines: {node: '>=6.9.0'}
    dev: true

  /@babel/parser@7.22.4:
    resolution: {integrity: sha512-VLLsx06XkEYqBtE5YGPwfSGwfrjnyPP5oiGty3S8pQLFDFLaS8VwWSIxkTXpcvr5zeYLE6+MBNl2npl/YnfofA==}
    engines: {node: '>=6.0.0'}
    hasBin: true
    dependencies:
      '@babel/types': 7.22.4
    dev: true

  /@babel/runtime@7.21.5:
    resolution: {integrity: sha512-8jI69toZqqcsnqGGqwGS4Qb1VwLOEp4hz+CXPywcvjs60u3B4Pom/U/7rm4W8tMOYEB+E9wgD0mW1l3r8qlI9Q==}
    engines: {node: '>=6.9.0'}
    dependencies:
      regenerator-runtime: 0.13.11
    dev: true

  /@babel/types@7.22.4:
    resolution: {integrity: sha512-Tx9x3UBHTTsMSW85WB2kphxYQVvrZ/t1FxD88IpSgIjiUJlCm9z+xWIDwyo1vffTwSqteqyznB8ZE9vYYk16zA==}
    engines: {node: '>=6.9.0'}
    dependencies:
      '@babel/helper-string-parser': 7.21.5
      '@babel/helper-validator-identifier': 7.19.1
      to-fast-properties: 2.0.0
    dev: true

  /@docsearch/css@3.4.0:
    resolution: {integrity: sha512-Hg8Xfma+rFwRi6Y/pfei4FJoQ1hdVURmmNs/XPoMTCPAImU+d5yxj+M+qdLtNjWRpfWziU4dQcqY94xgFBn2dg==}
    dev: true

  /@docsearch/js@3.4.0:
    resolution: {integrity: sha512-uOtOHZJv+5PQmL68+srVzlGhLejnEBJgZl1bR87Zh/uK5RUI7p6el1R8hGTl2F8K2tCloNRxTMtXyYUNbMV+qw==}
    dependencies:
      '@docsearch/react': 3.4.0
      preact: 10.15.1
    transitivePeerDependencies:
      - '@algolia/client-search'
      - '@types/react'
      - react
      - react-dom
    dev: true

  /@docsearch/react@3.4.0:
    resolution: {integrity: sha512-ufrp5879XYGojgS30ZAp8H4qIMbahRHB9M85VDBP36Xgz5QjYM54i1URKj5e219F7gqTtOivfztFTij6itc0MQ==}
    peerDependencies:
      '@types/react': '>= 16.8.0 < 19.0.0'
      react: '>= 16.8.0 < 19.0.0'
      react-dom: '>= 16.8.0 < 19.0.0'
    peerDependenciesMeta:
      '@types/react':
        optional: true
      react:
        optional: true
      react-dom:
        optional: true
    dependencies:
      '@algolia/autocomplete-core': 1.8.2
      '@algolia/autocomplete-preset-algolia': 1.8.2(algoliasearch@4.17.1)
      '@docsearch/css': 3.4.0
      algoliasearch: 4.17.1
    transitivePeerDependencies:
      - '@algolia/client-search'
    dev: true

  /@esbuild-kit/cjs-loader@2.4.2:
    resolution: {integrity: sha512-BDXFbYOJzT/NBEtp71cvsrGPwGAMGRB/349rwKuoxNSiKjPraNNnlK6MIIabViCjqZugu6j+xeMDlEkWdHHJSg==}
    dependencies:
      '@esbuild-kit/core-utils': 3.1.0
      get-tsconfig: 4.5.0
    dev: true

  /@esbuild-kit/core-utils@3.1.0:
    resolution: {integrity: sha512-Uuk8RpCg/7fdHSceR1M6XbSZFSuMrxcePFuGgyvsBn+u339dk5OeL4jv2EojwTN2st/unJGsVm4qHWjWNmJ/tw==}
    dependencies:
      esbuild: 0.17.18
      source-map-support: 0.5.21
    dev: true

  /@esbuild-kit/esm-loader@2.5.5:
    resolution: {integrity: sha512-Qwfvj/qoPbClxCRNuac1Du01r9gvNOT+pMYtJDapfB1eoGN1YlJ1BixLyL9WVENRx5RXgNLdfYdx/CuswlGhMw==}
    dependencies:
      '@esbuild-kit/core-utils': 3.1.0
      get-tsconfig: 4.5.0
    dev: true

  /@esbuild/android-arm64@0.17.18:
    resolution: {integrity: sha512-/iq0aK0eeHgSC3z55ucMAHO05OIqmQehiGay8eP5l/5l+iEr4EIbh4/MI8xD9qRFjqzgkc0JkX0LculNC9mXBw==}
    engines: {node: '>=12'}
    cpu: [arm64]
    os: [android]
    requiresBuild: true
    dev: true
    optional: true

  /@esbuild/android-arm64@0.17.19:
    resolution: {integrity: sha512-KBMWvEZooR7+kzY0BtbTQn0OAYY7CsiydT63pVEaPtVYF0hXbUaOyZog37DKxK7NF3XacBJOpYT4adIJh+avxA==}
    engines: {node: '>=12'}
    cpu: [arm64]
    os: [android]
    requiresBuild: true
    dev: true
    optional: true

  /@esbuild/android-arm@0.17.18:
    resolution: {integrity: sha512-EmwL+vUBZJ7mhFCs5lA4ZimpUH3WMAoqvOIYhVQwdIgSpHC8ImHdsRyhHAVxpDYUSm0lWvd63z0XH1IlImS2Qw==}
    engines: {node: '>=12'}
    cpu: [arm]
    os: [android]
    requiresBuild: true
    dev: true
    optional: true

  /@esbuild/android-arm@0.17.19:
    resolution: {integrity: sha512-rIKddzqhmav7MSmoFCmDIb6e2W57geRsM94gV2l38fzhXMwq7hZoClug9USI2pFRGL06f4IOPHHpFNOkWieR8A==}
    engines: {node: '>=12'}
    cpu: [arm]
    os: [android]
    requiresBuild: true
    dev: true
    optional: true

  /@esbuild/android-x64@0.17.18:
    resolution: {integrity: sha512-x+0efYNBF3NPW2Xc5bFOSFW7tTXdAcpfEg2nXmxegm4mJuVeS+i109m/7HMiOQ6M12aVGGFlqJX3RhNdYM2lWg==}
    engines: {node: '>=12'}
    cpu: [x64]
    os: [android]
    requiresBuild: true
    dev: true
    optional: true

  /@esbuild/android-x64@0.17.19:
    resolution: {integrity: sha512-uUTTc4xGNDT7YSArp/zbtmbhO0uEEK9/ETW29Wk1thYUJBz3IVnvgEiEwEa9IeLyvnpKrWK64Utw2bgUmDveww==}
    engines: {node: '>=12'}
    cpu: [x64]
    os: [android]
    requiresBuild: true
    dev: true
    optional: true

  /@esbuild/darwin-arm64@0.17.18:
    resolution: {integrity: sha512-6tY+djEAdF48M1ONWnQb1C+6LiXrKjmqjzPNPWXhu/GzOHTHX2nh8Mo2ZAmBFg0kIodHhciEgUBtcYCAIjGbjQ==}
    engines: {node: '>=12'}
    cpu: [arm64]
    os: [darwin]
    requiresBuild: true
    dev: true
    optional: true

  /@esbuild/darwin-arm64@0.17.19:
    resolution: {integrity: sha512-80wEoCfF/hFKM6WE1FyBHc9SfUblloAWx6FJkFWTWiCoht9Mc0ARGEM47e67W9rI09YoUxJL68WHfDRYEAvOhg==}
    engines: {node: '>=12'}
    cpu: [arm64]
    os: [darwin]
    requiresBuild: true
    dev: true
    optional: true

  /@esbuild/darwin-x64@0.17.18:
    resolution: {integrity: sha512-Qq84ykvLvya3dO49wVC9FFCNUfSrQJLbxhoQk/TE1r6MjHo3sFF2tlJCwMjhkBVq3/ahUisj7+EpRSz0/+8+9A==}
    engines: {node: '>=12'}
    cpu: [x64]
    os: [darwin]
    requiresBuild: true
    dev: true
    optional: true

  /@esbuild/darwin-x64@0.17.19:
    resolution: {integrity: sha512-IJM4JJsLhRYr9xdtLytPLSH9k/oxR3boaUIYiHkAawtwNOXKE8KoU8tMvryogdcT8AU+Bflmh81Xn6Q0vTZbQw==}
    engines: {node: '>=12'}
    cpu: [x64]
    os: [darwin]
    requiresBuild: true
    dev: true
    optional: true

  /@esbuild/freebsd-arm64@0.17.18:
    resolution: {integrity: sha512-fw/ZfxfAzuHfaQeMDhbzxp9mc+mHn1Y94VDHFHjGvt2Uxl10mT4CDavHm+/L9KG441t1QdABqkVYwakMUeyLRA==}
    engines: {node: '>=12'}
    cpu: [arm64]
    os: [freebsd]
    requiresBuild: true
    dev: true
    optional: true

  /@esbuild/freebsd-arm64@0.17.19:
    resolution: {integrity: sha512-pBwbc7DufluUeGdjSU5Si+P3SoMF5DQ/F/UmTSb8HXO80ZEAJmrykPyzo1IfNbAoaqw48YRpv8shwd1NoI0jcQ==}
    engines: {node: '>=12'}
    cpu: [arm64]
    os: [freebsd]
    requiresBuild: true
    dev: true
    optional: true

  /@esbuild/freebsd-x64@0.17.18:
    resolution: {integrity: sha512-FQFbRtTaEi8ZBi/A6kxOC0V0E9B/97vPdYjY9NdawyLd4Qk5VD5g2pbWN2VR1c0xhzcJm74HWpObPszWC+qTew==}
    engines: {node: '>=12'}
    cpu: [x64]
    os: [freebsd]
    requiresBuild: true
    dev: true
    optional: true

  /@esbuild/freebsd-x64@0.17.19:
    resolution: {integrity: sha512-4lu+n8Wk0XlajEhbEffdy2xy53dpR06SlzvhGByyg36qJw6Kpfk7cp45DR/62aPH9mtJRmIyrXAS5UWBrJT6TQ==}
    engines: {node: '>=12'}
    cpu: [x64]
    os: [freebsd]
    requiresBuild: true
    dev: true
    optional: true

  /@esbuild/linux-arm64@0.17.18:
    resolution: {integrity: sha512-R7pZvQZFOY2sxUG8P6A21eq6q+eBv7JPQYIybHVf1XkQYC+lT7nDBdC7wWKTrbvMXKRaGudp/dzZCwL/863mZQ==}
    engines: {node: '>=12'}
    cpu: [arm64]
    os: [linux]
    requiresBuild: true
    dev: true
    optional: true

  /@esbuild/linux-arm64@0.17.19:
    resolution: {integrity: sha512-ct1Tg3WGwd3P+oZYqic+YZF4snNl2bsnMKRkb3ozHmnM0dGWuxcPTTntAF6bOP0Sp4x0PjSF+4uHQ1xvxfRKqg==}
    engines: {node: '>=12'}
    cpu: [arm64]
    os: [linux]
    requiresBuild: true
    dev: true
    optional: true

  /@esbuild/linux-arm@0.17.18:
    resolution: {integrity: sha512-jW+UCM40LzHcouIaqv3e/oRs0JM76JfhHjCavPxMUti7VAPh8CaGSlS7cmyrdpzSk7A+8f0hiedHqr/LMnfijg==}
    engines: {node: '>=12'}
    cpu: [arm]
    os: [linux]
    requiresBuild: true
    dev: true
    optional: true

  /@esbuild/linux-arm@0.17.19:
    resolution: {integrity: sha512-cdmT3KxjlOQ/gZ2cjfrQOtmhG4HJs6hhvm3mWSRDPtZ/lP5oe8FWceS10JaSJC13GBd4eH/haHnqf7hhGNLerA==}
    engines: {node: '>=12'}
    cpu: [arm]
    os: [linux]
    requiresBuild: true
    dev: true
    optional: true

  /@esbuild/linux-ia32@0.17.18:
    resolution: {integrity: sha512-ygIMc3I7wxgXIxk6j3V00VlABIjq260i967Cp9BNAk5pOOpIXmd1RFQJQX9Io7KRsthDrQYrtcx7QCof4o3ZoQ==}
    engines: {node: '>=12'}
    cpu: [ia32]
    os: [linux]
    requiresBuild: true
    dev: true
    optional: true

  /@esbuild/linux-ia32@0.17.19:
    resolution: {integrity: sha512-w4IRhSy1VbsNxHRQpeGCHEmibqdTUx61Vc38APcsRbuVgK0OPEnQ0YD39Brymn96mOx48Y2laBQGqgZ0j9w6SQ==}
    engines: {node: '>=12'}
    cpu: [ia32]
    os: [linux]
    requiresBuild: true
    dev: true
    optional: true

  /@esbuild/linux-loong64@0.17.18:
    resolution: {integrity: sha512-bvPG+MyFs5ZlwYclCG1D744oHk1Pv7j8psF5TfYx7otCVmcJsEXgFEhQkbhNW8otDHL1a2KDINW20cfCgnzgMQ==}
    engines: {node: '>=12'}
    cpu: [loong64]
    os: [linux]
    requiresBuild: true
    dev: true
    optional: true

  /@esbuild/linux-loong64@0.17.19:
    resolution: {integrity: sha512-2iAngUbBPMq439a+z//gE+9WBldoMp1s5GWsUSgqHLzLJ9WoZLZhpwWuym0u0u/4XmZ3gpHmzV84PonE+9IIdQ==}
    engines: {node: '>=12'}
    cpu: [loong64]
    os: [linux]
    requiresBuild: true
    dev: true
    optional: true

  /@esbuild/linux-mips64el@0.17.18:
    resolution: {integrity: sha512-oVqckATOAGuiUOa6wr8TXaVPSa+6IwVJrGidmNZS1cZVx0HqkTMkqFGD2HIx9H1RvOwFeWYdaYbdY6B89KUMxA==}
    engines: {node: '>=12'}
    cpu: [mips64el]
    os: [linux]
    requiresBuild: true
    dev: true
    optional: true

  /@esbuild/linux-mips64el@0.17.19:
    resolution: {integrity: sha512-LKJltc4LVdMKHsrFe4MGNPp0hqDFA1Wpt3jE1gEyM3nKUvOiO//9PheZZHfYRfYl6AwdTH4aTcXSqBerX0ml4A==}
    engines: {node: '>=12'}
    cpu: [mips64el]
    os: [linux]
    requiresBuild: true
    dev: true
    optional: true

  /@esbuild/linux-ppc64@0.17.18:
    resolution: {integrity: sha512-3dLlQO+b/LnQNxgH4l9rqa2/IwRJVN9u/bK63FhOPB4xqiRqlQAU0qDU3JJuf0BmaH0yytTBdoSBHrb2jqc5qQ==}
    engines: {node: '>=12'}
    cpu: [ppc64]
    os: [linux]
    requiresBuild: true
    dev: true
    optional: true

  /@esbuild/linux-ppc64@0.17.19:
    resolution: {integrity: sha512-/c/DGybs95WXNS8y3Ti/ytqETiW7EU44MEKuCAcpPto3YjQbyK3IQVKfF6nbghD7EcLUGl0NbiL5Rt5DMhn5tg==}
    engines: {node: '>=12'}
    cpu: [ppc64]
    os: [linux]
    requiresBuild: true
    dev: true
    optional: true

  /@esbuild/linux-riscv64@0.17.18:
    resolution: {integrity: sha512-/x7leOyDPjZV3TcsdfrSI107zItVnsX1q2nho7hbbQoKnmoeUWjs+08rKKt4AUXju7+3aRZSsKrJtaRmsdL1xA==}
    engines: {node: '>=12'}
    cpu: [riscv64]
    os: [linux]
    requiresBuild: true
    dev: true
    optional: true

  /@esbuild/linux-riscv64@0.17.19:
    resolution: {integrity: sha512-FC3nUAWhvFoutlhAkgHf8f5HwFWUL6bYdvLc/TTuxKlvLi3+pPzdZiFKSWz/PF30TB1K19SuCxDTI5KcqASJqA==}
    engines: {node: '>=12'}
    cpu: [riscv64]
    os: [linux]
    requiresBuild: true
    dev: true
    optional: true

  /@esbuild/linux-s390x@0.17.18:
    resolution: {integrity: sha512-cX0I8Q9xQkL/6F5zWdYmVf5JSQt+ZfZD2bJudZrWD+4mnUvoZ3TDDXtDX2mUaq6upMFv9FlfIh4Gfun0tbGzuw==}
    engines: {node: '>=12'}
    cpu: [s390x]
    os: [linux]
    requiresBuild: true
    dev: true
    optional: true

  /@esbuild/linux-s390x@0.17.19:
    resolution: {integrity: sha512-IbFsFbxMWLuKEbH+7sTkKzL6NJmG2vRyy6K7JJo55w+8xDk7RElYn6xvXtDW8HCfoKBFK69f3pgBJSUSQPr+4Q==}
    engines: {node: '>=12'}
    cpu: [s390x]
    os: [linux]
    requiresBuild: true
    dev: true
    optional: true

  /@esbuild/linux-x64@0.17.18:
    resolution: {integrity: sha512-66RmRsPlYy4jFl0vG80GcNRdirx4nVWAzJmXkevgphP1qf4dsLQCpSKGM3DUQCojwU1hnepI63gNZdrr02wHUA==}
    engines: {node: '>=12'}
    cpu: [x64]
    os: [linux]
    requiresBuild: true
    dev: true
    optional: true

  /@esbuild/linux-x64@0.17.19:
    resolution: {integrity: sha512-68ngA9lg2H6zkZcyp22tsVt38mlhWde8l3eJLWkyLrp4HwMUr3c1s/M2t7+kHIhvMjglIBrFpncX1SzMckomGw==}
    engines: {node: '>=12'}
    cpu: [x64]
    os: [linux]
    requiresBuild: true
    dev: true
    optional: true

  /@esbuild/netbsd-x64@0.17.18:
    resolution: {integrity: sha512-95IRY7mI2yrkLlTLb1gpDxdC5WLC5mZDi+kA9dmM5XAGxCME0F8i4bYH4jZreaJ6lIZ0B8hTrweqG1fUyW7jbg==}
    engines: {node: '>=12'}
    cpu: [x64]
    os: [netbsd]
    requiresBuild: true
    dev: true
    optional: true

  /@esbuild/netbsd-x64@0.17.19:
    resolution: {integrity: sha512-CwFq42rXCR8TYIjIfpXCbRX0rp1jo6cPIUPSaWwzbVI4aOfX96OXY8M6KNmtPcg7QjYeDmN+DD0Wp3LaBOLf4Q==}
    engines: {node: '>=12'}
    cpu: [x64]
    os: [netbsd]
    requiresBuild: true
    dev: true
    optional: true

  /@esbuild/openbsd-x64@0.17.18:
    resolution: {integrity: sha512-WevVOgcng+8hSZ4Q3BKL3n1xTv5H6Nb53cBrtzzEjDbbnOmucEVcZeGCsCOi9bAOcDYEeBZbD2SJNBxlfP3qiA==}
    engines: {node: '>=12'}
    cpu: [x64]
    os: [openbsd]
    requiresBuild: true
    dev: true
    optional: true

  /@esbuild/openbsd-x64@0.17.19:
    resolution: {integrity: sha512-cnq5brJYrSZ2CF6c35eCmviIN3k3RczmHz8eYaVlNasVqsNY+JKohZU5MKmaOI+KkllCdzOKKdPs762VCPC20g==}
    engines: {node: '>=12'}
    cpu: [x64]
    os: [openbsd]
    requiresBuild: true
    dev: true
    optional: true

  /@esbuild/sunos-x64@0.17.18:
    resolution: {integrity: sha512-Rzf4QfQagnwhQXVBS3BYUlxmEbcV7MY+BH5vfDZekU5eYpcffHSyjU8T0xucKVuOcdCsMo+Ur5wmgQJH2GfNrg==}
    engines: {node: '>=12'}
    cpu: [x64]
    os: [sunos]
    requiresBuild: true
    dev: true
    optional: true

  /@esbuild/sunos-x64@0.17.19:
    resolution: {integrity: sha512-vCRT7yP3zX+bKWFeP/zdS6SqdWB8OIpaRq/mbXQxTGHnIxspRtigpkUcDMlSCOejlHowLqII7K2JKevwyRP2rg==}
    engines: {node: '>=12'}
    cpu: [x64]
    os: [sunos]
    requiresBuild: true
    dev: true
    optional: true

  /@esbuild/win32-arm64@0.17.18:
    resolution: {integrity: sha512-Kb3Ko/KKaWhjeAm2YoT/cNZaHaD1Yk/pa3FTsmqo9uFh1D1Rfco7BBLIPdDOozrObj2sahslFuAQGvWbgWldAg==}
    engines: {node: '>=12'}
    cpu: [arm64]
    os: [win32]
    requiresBuild: true
    dev: true
    optional: true

  /@esbuild/win32-arm64@0.17.19:
    resolution: {integrity: sha512-yYx+8jwowUstVdorcMdNlzklLYhPxjniHWFKgRqH7IFlUEa0Umu3KuYplf1HUZZ422e3NU9F4LGb+4O0Kdcaag==}
    engines: {node: '>=12'}
    cpu: [arm64]
    os: [win32]
    requiresBuild: true
    dev: true
    optional: true

  /@esbuild/win32-ia32@0.17.18:
    resolution: {integrity: sha512-0/xUMIdkVHwkvxfbd5+lfG7mHOf2FRrxNbPiKWg9C4fFrB8H0guClmaM3BFiRUYrznVoyxTIyC/Ou2B7QQSwmw==}
    engines: {node: '>=12'}
    cpu: [ia32]
    os: [win32]
    requiresBuild: true
    dev: true
    optional: true

  /@esbuild/win32-ia32@0.17.19:
    resolution: {integrity: sha512-eggDKanJszUtCdlVs0RB+h35wNlb5v4TWEkq4vZcmVt5u/HiDZrTXe2bWFQUez3RgNHwx/x4sk5++4NSSicKkw==}
    engines: {node: '>=12'}
    cpu: [ia32]
    os: [win32]
    requiresBuild: true
    dev: true
    optional: true

  /@esbuild/win32-x64@0.17.18:
    resolution: {integrity: sha512-qU25Ma1I3NqTSHJUOKi9sAH1/Mzuvlke0ioMJRthLXKm7JiSKVwFghlGbDLOO2sARECGhja4xYfRAZNPAkooYg==}
    engines: {node: '>=12'}
    cpu: [x64]
    os: [win32]
    requiresBuild: true
    dev: true
    optional: true

  /@esbuild/win32-x64@0.17.19:
    resolution: {integrity: sha512-lAhycmKnVOuRYNtRtatQR1LPQf2oYCkRGkSFnseDAKPl8lu5SOsK/e1sXe5a0Pc5kHIHe6P2I/ilntNv2xf3cA==}
    engines: {node: '>=12'}
    cpu: [x64]
    os: [win32]
    requiresBuild: true
    dev: true
    optional: true

  /@isaacs/cliui@8.0.2:
    resolution: {integrity: sha512-O8jcjabXaleOG9DQ0+ARXWZBTfnP4WNAqzuiJK7ll44AmxGKv/J2M4TPjxjY3znBCfvBXFzucm1twdyFybFqEA==}
    engines: {node: '>=12'}
    dependencies:
      string-width: 5.1.2
      string-width-cjs: /string-width@4.2.3
      strip-ansi: 7.1.0
      strip-ansi-cjs: /strip-ansi@6.0.1
      wrap-ansi: 8.1.0
      wrap-ansi-cjs: /wrap-ansi@7.0.0
    dev: true

  /@jridgewell/sourcemap-codec@1.4.15:
    resolution: {integrity: sha512-eF2rxCRulEKXHTRiDrDy6erMYWqNw4LPdQ8UQA4huuxaQsVeRPFl2oM8oDGxMFhJUWZf9McpLtJasDDZb/Bpeg==}
    dev: true

  /@pkgjs/parseargs@0.11.0:
    resolution: {integrity: sha512-+1VkjdD0QBLPodGrJUeqarH8VAIvQODIbwh9XpP5Syisf7YoQgsJKPNFoqqLQlu+VQ/tVSshMR6loPMn8U+dPg==}
    engines: {node: '>=14'}
    requiresBuild: true
    dev: true
    optional: true

  /@types/glob@8.1.0:
    resolution: {integrity: sha512-IO+MJPVhoqz+28h1qLAcBEH2+xHMK6MTyHJc7MTnnYb6wsoLR29POVGJ7LycmVXIqyy/4/2ShP5sUwTXuOwb/w==}
    dependencies:
      '@types/minimatch': 5.1.2
      '@types/node': 20.2.5
    dev: true

  /@types/minimatch@5.1.2:
    resolution: {integrity: sha512-K0VQKziLUWkVKiRVrx4a40iPaxTUefQmjtkQofBkYRcoaaL/8rhwDWww9qWbrgicNOgnpIsMxyNIUM4+n6dUIA==}
    dev: true

  /@types/node@20.2.5:
    resolution: {integrity: sha512-JJulVEQXmiY9Px5axXHeYGLSjhkZEnD+MDPDGbCbIAbMslkKwmygtZFy1X6s/075Yo94sf8GuSlFfPzysQrWZQ==}
    dev: true

  /@types/web-bluetooth@0.0.17:
    resolution: {integrity: sha512-4p9vcSmxAayx72yn70joFoL44c9MO/0+iVEBIQXe3v2h2SiAsEIo/G5v6ObFWvNKRFjbrVadNf9LqEEZeQPzdA==}
    dev: true

  /@vitejs/plugin-vue@4.2.3(vite@4.3.9)(vue@3.3.4):
    resolution: {integrity: sha512-R6JDUfiZbJA9cMiguQ7jxALsgiprjBeHL5ikpXfJCH62pPHtI+JdJ5xWj6Ev73yXSlYl86+blXn1kZHQ7uElxw==}
    engines: {node: ^14.18.0 || >=16.0.0}
    peerDependencies:
      vite: ^4.0.0
      vue: ^3.2.25
    dependencies:
      vite: 4.3.9(@types/node@20.2.5)
      vue: 3.3.4
    dev: true

  /@vue/compiler-core@3.3.4:
    resolution: {integrity: sha512-cquyDNvZ6jTbf/+x+AgM2Arrp6G4Dzbb0R64jiG804HRMfRiFXWI6kqUVqZ6ZR0bQhIoQjB4+2bhNtVwndW15g==}
    dependencies:
      '@babel/parser': 7.22.4
      '@vue/shared': 3.3.4
      estree-walker: 2.0.2
      source-map-js: 1.0.2
    dev: true

  /@vue/compiler-dom@3.3.4:
    resolution: {integrity: sha512-wyM+OjOVpuUukIq6p5+nwHYtj9cFroz9cwkfmP9O1nzH68BenTTv0u7/ndggT8cIQlnBeOo6sUT/gvHcIkLA5w==}
    dependencies:
      '@vue/compiler-core': 3.3.4
      '@vue/shared': 3.3.4
    dev: true

  /@vue/compiler-sfc@3.3.4:
    resolution: {integrity: sha512-6y/d8uw+5TkCuzBkgLS0v3lSM3hJDntFEiUORM11pQ/hKvkhSKZrXW6i69UyXlJQisJxuUEJKAWEqWbWsLeNKQ==}
    dependencies:
      '@babel/parser': 7.22.4
      '@vue/compiler-core': 3.3.4
      '@vue/compiler-dom': 3.3.4
      '@vue/compiler-ssr': 3.3.4
      '@vue/reactivity-transform': 3.3.4
      '@vue/shared': 3.3.4
      estree-walker: 2.0.2
      magic-string: 0.30.0
      postcss: 8.4.24
      source-map-js: 1.0.2
    dev: true

  /@vue/compiler-ssr@3.3.4:
    resolution: {integrity: sha512-m0v6oKpup2nMSehwA6Uuu+j+wEwcy7QmwMkVNVfrV9P2qE5KshC6RwOCq8fjGS/Eak/uNb8AaWekfiXxbBB6gQ==}
    dependencies:
      '@vue/compiler-dom': 3.3.4
      '@vue/shared': 3.3.4
    dev: true

  /@vue/devtools-api@6.5.0:
    resolution: {integrity: sha512-o9KfBeaBmCKl10usN4crU53fYtC1r7jJwdGKjPT24t348rHxgfpZ0xL3Xm/gLUYnc0oTp8LAmrxOeLyu6tbk2Q==}
    dev: true

  /@vue/reactivity-transform@3.3.4:
    resolution: {integrity: sha512-MXgwjako4nu5WFLAjpBnCj/ieqcjE2aJBINUNQzkZQfzIZA4xn+0fV1tIYBJvvva3N3OvKGofRLvQIwEQPpaXw==}
    dependencies:
      '@babel/parser': 7.22.4
      '@vue/compiler-core': 3.3.4
      '@vue/shared': 3.3.4
      estree-walker: 2.0.2
      magic-string: 0.30.0
    dev: true

  /@vue/reactivity@3.3.4:
    resolution: {integrity: sha512-kLTDLwd0B1jG08NBF3R5rqULtv/f8x3rOFByTDz4J53ttIQEDmALqKqXY0J+XQeN0aV2FBxY8nJDf88yvOPAqQ==}
    dependencies:
      '@vue/shared': 3.3.4
    dev: true

  /@vue/runtime-core@3.3.4:
    resolution: {integrity: sha512-R+bqxMN6pWO7zGI4OMlmvePOdP2c93GsHFM/siJI7O2nxFRzj55pLwkpCedEY+bTMgp5miZ8CxfIZo3S+gFqvA==}
    dependencies:
      '@vue/reactivity': 3.3.4
      '@vue/shared': 3.3.4
    dev: true

  /@vue/runtime-dom@3.3.4:
    resolution: {integrity: sha512-Aj5bTJ3u5sFsUckRghsNjVTtxZQ1OyMWCr5dZRAPijF/0Vy4xEoRCwLyHXcj4D0UFbJ4lbx3gPTgg06K/GnPnQ==}
    dependencies:
      '@vue/runtime-core': 3.3.4
      '@vue/shared': 3.3.4
      csstype: 3.1.2
    dev: true

  /@vue/server-renderer@3.3.4(vue@3.3.4):
    resolution: {integrity: sha512-Q6jDDzR23ViIb67v+vM1Dqntu+HUexQcsWKhhQa4ARVzxOY2HbC7QRW/ggkDBd5BU+uM1sV6XOAP0b216o34JQ==}
    peerDependencies:
      vue: 3.3.4
    dependencies:
      '@vue/compiler-ssr': 3.3.4
      '@vue/shared': 3.3.4
      vue: 3.3.4
    dev: true

  /@vue/shared@3.3.4:
    resolution: {integrity: sha512-7OjdcV8vQ74eiz1TZLzZP4JwqM5fA94K6yntPS5Z25r9HDuGNzaGdgvwKYq6S+MxwF0TFRwe50fIR/MYnakdkQ==}
    dev: true

  /@vueuse/core@10.1.2(vue@3.3.4):
    resolution: {integrity: sha512-roNn8WuerI56A5uiTyF/TEYX0Y+VKlhZAF94unUfdhbDUI+NfwQMn4FUnUscIRUhv3344qvAghopU4bzLPNFlA==}
    dependencies:
      '@types/web-bluetooth': 0.0.17
      '@vueuse/metadata': 10.1.2
      '@vueuse/shared': 10.1.2(vue@3.3.4)
      vue-demi: 0.14.5(vue@3.3.4)
    transitivePeerDependencies:
      - '@vue/composition-api'
      - vue
    dev: true

  /@vueuse/integrations@10.1.2(focus-trap@7.4.3)(vue@3.3.4):
    resolution: {integrity: sha512-wUpG3Wv6LiWerOwCzOAM0iGhNQ4vfFUTkhj/xQy7TLXduh2M3D8N08aS0KqlxsejY6R8NLxydDIM+68QfHZZ8Q==}
    peerDependencies:
      async-validator: '*'
      axios: '*'
      change-case: '*'
      drauu: '*'
      focus-trap: '*'
      fuse.js: '*'
      idb-keyval: '*'
      jwt-decode: '*'
      nprogress: '*'
      qrcode: '*'
      sortablejs: '*'
      universal-cookie: '*'
    peerDependenciesMeta:
      async-validator:
        optional: true
      axios:
        optional: true
      change-case:
        optional: true
      drauu:
        optional: true
      focus-trap:
        optional: true
      fuse.js:
        optional: true
      idb-keyval:
        optional: true
      jwt-decode:
        optional: true
      nprogress:
        optional: true
      qrcode:
        optional: true
      sortablejs:
        optional: true
      universal-cookie:
        optional: true
    dependencies:
      '@vueuse/core': 10.1.2(vue@3.3.4)
      '@vueuse/shared': 10.1.2(vue@3.3.4)
      focus-trap: 7.4.3
      vue-demi: 0.14.5(vue@3.3.4)
    transitivePeerDependencies:
      - '@vue/composition-api'
      - vue
    dev: true

  /@vueuse/metadata@10.1.2:
    resolution: {integrity: sha512-3mc5BqN9aU2SqBeBuWE7ne4OtXHoHKggNgxZR2K+zIW4YLsy6xoZ4/9vErQs6tvoKDX6QAqm3lvsrv0mczAwIQ==}
    dev: true

  /@vueuse/shared@10.1.2(vue@3.3.4):
    resolution: {integrity: sha512-1uoUTPBlgyscK9v6ScGeVYDDzlPSFXBlxuK7SfrDGyUTBiznb3mNceqhwvZHjtDRELZEN79V5uWPTF1VDV8svA==}
    dependencies:
      vue-demi: 0.14.5(vue@3.3.4)
    transitivePeerDependencies:
      - '@vue/composition-api'
      - vue
    dev: true

  /algoliasearch@4.17.1:
    resolution: {integrity: sha512-4GDQ1RhP2qUR3x8PevFRbEdqZqIARNViZYjgTJmA1T7wRNtFA3W4Aqc/RsODqa1J8IO/QDla5x4tWuUS8NV8wA==}
    dependencies:
      '@algolia/cache-browser-local-storage': 4.17.1
      '@algolia/cache-common': 4.17.1
      '@algolia/cache-in-memory': 4.17.1
      '@algolia/client-account': 4.17.1
      '@algolia/client-analytics': 4.17.1
      '@algolia/client-common': 4.17.1
      '@algolia/client-personalization': 4.17.1
      '@algolia/client-search': 4.17.1
      '@algolia/logger-common': 4.17.1
      '@algolia/logger-console': 4.17.1
      '@algolia/requester-browser-xhr': 4.17.1
      '@algolia/requester-common': 4.17.1
      '@algolia/requester-node-http': 4.17.1
      '@algolia/transporter': 4.17.1
    dev: true

  /ansi-regex@5.0.1:
    resolution: {integrity: sha512-quJQXlTSUGL2LH9SUXo8VwsY4soanhgo6LNSm84E1LBcE8s3O0wpdiRzyR9z/ZZJMlMWv37qOOb9pdJlMUEKFQ==}
    engines: {node: '>=8'}
    dev: true

  /ansi-regex@6.0.1:
    resolution: {integrity: sha512-n5M855fKb2SsfMIiFFoVrABHJC8QtHwVx+mHWP3QcEqBHYienj5dHSgjbxtC0WEZXYt4wcD6zrQElDPhFuZgfA==}
    engines: {node: '>=12'}
    dev: true

  /ansi-sequence-parser@1.1.0:
    resolution: {integrity: sha512-lEm8mt52to2fT8GhciPCGeCXACSz2UwIN4X2e2LJSnZ5uAbn2/dsYdOmUXq0AtWS5cpAupysIneExOgH0Vd2TQ==}
    dev: true

  /ansi-styles@4.3.0:
    resolution: {integrity: sha512-zbB9rCJAT1rbjiVDb2hqKFHNYLxgtk8NURxZ3IZwD3F6NtxbXZQCnnSi1Lkx+IDohdPlFp222wVALIheZJQSEg==}
    engines: {node: '>=8'}
    dependencies:
      color-convert: 2.0.1
    dev: true

  /ansi-styles@6.2.1:
    resolution: {integrity: sha512-bN798gFfQX+viw3R7yrGWRqnrN2oRkEkUjjl4JNn4E8GxxbjtG3FbrEIIY3l8/hrwUwIeCZvi4QuOTP4MErVug==}
    engines: {node: '>=12'}
    dev: true

  /argparse@1.0.10:
    resolution: {integrity: sha512-o5Roy6tNG4SL/FOkCAN6RzjiakZS25RLYFrcMttJqbdd8BWrnA+fGz57iN5Pb06pvBGvl5gQ0B48dJlslXvoTg==}
    dependencies:
      sprintf-js: 1.0.3
    dev: true

  /balanced-match@1.0.2:
    resolution: {integrity: sha512-3oSeUO0TMV67hN1AmbXsK4yaqU7tjiHlbxRDZOpH0KW9+CeX4bRAaX0Anxt0tx2MrpRpWwQaPwIlISEJhYU5Pw==}
    dev: true

  /body-scroll-lock@4.0.0-beta.0:
    resolution: {integrity: sha512-a7tP5+0Mw3YlUJcGAKUqIBkYYGlYxk2fnCasq/FUph1hadxlTRjF+gAcZksxANnaMnALjxEddmSi/H3OR8ugcQ==}
    dev: true

  /brace-expansion@2.0.1:
    resolution: {integrity: sha512-XnAIvQ8eM+kC6aULx6wuQiwVsnzsi9d3WxzV3FpWTGA19F621kwdbsAcFKXgKUHZWsy+mY6iL1sHTxWEFCytDA==}
    dependencies:
      balanced-match: 1.0.2
    dev: true

  /buffer-from@1.1.2:
    resolution: {integrity: sha512-E+XQCRwSbaaiChtv6k6Dwgc+bx+Bs6vuKJHHl5kox/BaKbhiXzqQOwK4cO22yElGp2OCmjwVhT3HmxgyPGnJfQ==}
    dev: true

  /color-convert@2.0.1:
    resolution: {integrity: sha512-RRECPsj7iu/xb5oKYcsFHSppFNnsj/52OVTRKb4zP5onXwVF3zVmmToNcOfGC+CRDpfK/U584fMg38ZHCaElKQ==}
    engines: {node: '>=7.0.0'}
    dependencies:
      color-name: 1.1.4
    dev: true

  /color-name@1.1.4:
    resolution: {integrity: sha512-dOy+3AuW3a2wNbZHIuMZpTcgjGuLU/uBL/ubcZF9OXbDo8ff4O8yVp5Bf0efS8uEoYo5q4Fx7dY9OgQGXgAsQA==}
    dev: true

  /cross-spawn@7.0.3:
    resolution: {integrity: sha512-iRDPJKUPVEND7dHPO8rkbOnPpyDygcDFtWjpeWNCgy8WP2rXcxXL8TskReQl6OrB2G7+UJrags1q15Fudc7G6w==}
    engines: {node: '>= 8'}
    dependencies:
      path-key: 3.1.1
      shebang-command: 2.0.0
      which: 2.0.2
    dev: true

  /csstype@3.1.2:
    resolution: {integrity: sha512-I7K1Uu0MBPzaFKg4nI5Q7Vs2t+3gWWW648spaF+Rg7pI9ds18Ugn+lvg4SHczUdKlHI5LWBXyqfS8+DufyBsgQ==}
    dev: true

  /date-fns@2.30.0:
    resolution: {integrity: sha512-fnULvOpxnC5/Vg3NCiWelDsLiUc9bRwAPs/+LfTLNvetFCtCTN+yQz15C/fs4AwX1R9K5GLtLfn8QW+dWisaAw==}
    engines: {node: '>=0.11'}
    dependencies:
      '@babel/runtime': 7.21.5
    dev: true

  /eastasianwidth@0.2.0:
    resolution: {integrity: sha512-I88TYZWc9XiYHRQ4/3c5rjjfgkjhLyW2luGIheGERbNQ6OY7yTybanSpDXZa8y7VUP9YmDcYa+eyq4ca7iLqWA==}
    dev: true

  /emoji-regex@8.0.0:
    resolution: {integrity: sha512-MSjYzcWNOA0ewAHpz0MxpYFvwg6yjy1NG3xteoqz644VCo/RPgnr1/GGt+ic3iJTzQ8Eu3TdM14SawnVUmGE6A==}
    dev: true

  /emoji-regex@9.2.2:
    resolution: {integrity: sha512-L18DaJsXSUk2+42pv8mLs5jJT2hqFkFE4j21wOmgbUqsZ2hL72NsUU785g9RXgo3s0ZNgVl42TiHp3ZtOv/Vyg==}
    dev: true

  /esbuild@0.17.18:
    resolution: {integrity: sha512-z1lix43jBs6UKjcZVKOw2xx69ffE2aG0PygLL5qJ9OS/gy0Ewd1gW/PUQIOIQGXBHWNywSc0floSKoMFF8aK2w==}
    engines: {node: '>=12'}
    hasBin: true
    requiresBuild: true
    optionalDependencies:
      '@esbuild/android-arm': 0.17.18
      '@esbuild/android-arm64': 0.17.18
      '@esbuild/android-x64': 0.17.18
      '@esbuild/darwin-arm64': 0.17.18
      '@esbuild/darwin-x64': 0.17.18
      '@esbuild/freebsd-arm64': 0.17.18
      '@esbuild/freebsd-x64': 0.17.18
      '@esbuild/linux-arm': 0.17.18
      '@esbuild/linux-arm64': 0.17.18
      '@esbuild/linux-ia32': 0.17.18
      '@esbuild/linux-loong64': 0.17.18
      '@esbuild/linux-mips64el': 0.17.18
      '@esbuild/linux-ppc64': 0.17.18
      '@esbuild/linux-riscv64': 0.17.18
      '@esbuild/linux-s390x': 0.17.18
      '@esbuild/linux-x64': 0.17.18
      '@esbuild/netbsd-x64': 0.17.18
      '@esbuild/openbsd-x64': 0.17.18
      '@esbuild/sunos-x64': 0.17.18
      '@esbuild/win32-arm64': 0.17.18
      '@esbuild/win32-ia32': 0.17.18
      '@esbuild/win32-x64': 0.17.18
    dev: true

  /esbuild@0.17.19:
    resolution: {integrity: sha512-XQ0jAPFkK/u3LcVRcvVHQcTIqD6E2H1fvZMA5dQPSOWb3suUbWbfbRf94pjc0bNzRYLfIrDRQXr7X+LHIm5oHw==}
    engines: {node: '>=12'}
    hasBin: true
    requiresBuild: true
    optionalDependencies:
      '@esbuild/android-arm': 0.17.19
      '@esbuild/android-arm64': 0.17.19
      '@esbuild/android-x64': 0.17.19
      '@esbuild/darwin-arm64': 0.17.19
      '@esbuild/darwin-x64': 0.17.19
      '@esbuild/freebsd-arm64': 0.17.19
      '@esbuild/freebsd-x64': 0.17.19
      '@esbuild/linux-arm': 0.17.19
      '@esbuild/linux-arm64': 0.17.19
      '@esbuild/linux-ia32': 0.17.19
      '@esbuild/linux-loong64': 0.17.19
      '@esbuild/linux-mips64el': 0.17.19
      '@esbuild/linux-ppc64': 0.17.19
      '@esbuild/linux-riscv64': 0.17.19
      '@esbuild/linux-s390x': 0.17.19
      '@esbuild/linux-x64': 0.17.19
      '@esbuild/netbsd-x64': 0.17.19
      '@esbuild/openbsd-x64': 0.17.19
      '@esbuild/sunos-x64': 0.17.19
      '@esbuild/win32-arm64': 0.17.19
      '@esbuild/win32-ia32': 0.17.19
      '@esbuild/win32-x64': 0.17.19
    dev: true

  /esprima@4.0.1:
    resolution: {integrity: sha512-eGuFFw7Upda+g4p+QHvnW0RyTX/SVeJBDM/gCtMARO0cLuT2HcEKnTPvhjV6aGeqrCB/sbNop0Kszm0jsaWU4A==}
    engines: {node: '>=4'}
    hasBin: true
    dev: true

  /estree-walker@2.0.2:
    resolution: {integrity: sha512-Rfkk/Mp/DL7JVje3u18FxFujQlTNR2q6QfMSMB7AvCBx91NGj/ba3kCfza0f6dVDbw7YlRf/nDrn7pQrCCyQ/w==}
    dev: true

  /extend-shallow@2.0.1:
    resolution: {integrity: sha1-Ua99YUrZqfYQ6huvu5idaxxWiQ8=}
    engines: {node: '>=0.10.0'}
    dependencies:
      is-extendable: 0.1.1
    dev: true

  /focus-trap@7.4.3:
    resolution: {integrity: sha512-BgSSbK4GPnS2VbtZ50VtOv1Sti6DIkj3+LkVjiWMNjLeAp1SH1UlLx3ULu/DCu4vq5R4/uvTm+zrvsMsuYmGLg==}
    dependencies:
      tabbable: 6.1.2
    dev: true

  /foreground-child@3.1.1:
    resolution: {integrity: sha512-TMKDUnIte6bfb5nWv7V/caI169OHgvwjb7V4WkeUvbQQdjr5rWKqHFiKWb/fcOwB+CzBT+qbWjvj+DVwRskpIg==}
    engines: {node: '>=14'}
    dependencies:
      cross-spawn: 7.0.3
      signal-exit: 4.0.2
    dev: true

  /fsevents@2.3.2:
    resolution: {integrity: sha512-xiqMQR4xAeHTuB9uWm+fFRcIOgKBMiOBP+eXiyT7jsgVCq1bkVygt00oASowB7EdtpOHaaPgKt812P9ab+DDKA==}
    engines: {node: ^8.16.0 || ^10.6.0 || >=11.0.0}
    os: [darwin]
    requiresBuild: true
    dev: true
    optional: true

  /get-tsconfig@4.5.0:
    resolution: {integrity: sha512-MjhiaIWCJ1sAU4pIQ5i5OfOuHHxVo1oYeNsWTON7jxYkod8pHocXeh+SSbmu5OZZZK73B6cbJ2XADzXehLyovQ==}
    dev: true

  /glob@10.2.6:
    resolution: {integrity: sha512-U/rnDpXJGF414QQQZv5uVsabTVxMSwzS5CH0p3DRCIV6ownl4f7PzGnkGmvlum2wB+9RlJWJZ6ACU1INnBqiPA==}
    engines: {node: '>=16 || 14 >=14.17'}
    hasBin: true
    dependencies:
      foreground-child: 3.1.1
      jackspeak: 2.2.1
      minimatch: 9.0.1
      minipass: 6.0.2
      path-scurry: 1.9.2
    dev: true

  /gray-matter@4.0.3:
    resolution: {integrity: sha512-5v6yZd4JK3eMI3FqqCouswVqwugaA9r4dNZB1wwcmrD02QkV5H0y7XBQW8QwQqEaZY1pM9aqORSORhJRdNK44Q==}
    engines: {node: '>=6.0'}
    dependencies:
      js-yaml: 3.14.1
      kind-of: 6.0.3
      section-matter: 1.0.0
      strip-bom-string: 1.0.0
    dev: true

  /is-extendable@0.1.1:
    resolution: {integrity: sha1-YrEQ4omkcUGOPsNqYX1HLjAd/Ik=}
    engines: {node: '>=0.10.0'}
    dev: true

  /is-fullwidth-code-point@3.0.0:
    resolution: {integrity: sha512-zymm5+u+sCsSWyD9qNaejV3DFvhCKclKdizYaJUuHA83RLjb7nSuGnddCHGv0hk+KY7BMAlsWeK4Ueg6EV6XQg==}
    engines: {node: '>=8'}
    dev: true

  /isexe@2.0.0:
    resolution: {integrity: sha1-6PvzdNxVb/iUehDcsFctYz8s+hA=}
    dev: true

  /jackspeak@2.2.1:
    resolution: {integrity: sha512-MXbxovZ/Pm42f6cDIDkl3xpwv1AGwObKwfmjs2nQePiy85tP3fatofl3FC1aBsOtP/6fq5SbtgHwWcMsLP+bDw==}
    engines: {node: '>=14'}
    dependencies:
      '@isaacs/cliui': 8.0.2
    optionalDependencies:
      '@pkgjs/parseargs': 0.11.0
    dev: true

  /js-yaml@3.14.1:
    resolution: {integrity: sha512-okMH7OXXJ7YrN9Ok3/SXrnu4iX9yOk+25nqX4imS2npuvTYDmo/QEZoqwZkYaIDk3jVvBOTOIEgEhaLOynBS9g==}
    hasBin: true
    dependencies:
      argparse: 1.0.10
      esprima: 4.0.1
    dev: true

  /jsonc-parser@3.2.0:
    resolution: {integrity: sha512-gfFQZrcTc8CnKXp6Y4/CBT3fTc0OVuDofpre4aEeEpSBPV5X5v4+Vmx+8snU7RLPrNHPKSgLxGo9YuQzz20o+w==}
    dev: true

  /kind-of@6.0.3:
    resolution: {integrity: sha512-dcS1ul+9tmeD95T+x28/ehLgd9mENa3LsvDTtzm3vyBEO7RPptvAD+t44WVXaUjTBRcrpFeFlC8WCruUR456hw==}
    engines: {node: '>=0.10.0'}
    dev: true

  /lru-cache@9.1.1:
    resolution: {integrity: sha512-65/Jky17UwSb0BuB9V+MyDpsOtXKmYwzhyl+cOa9XUiI4uV2Ouy/2voFP3+al0BjZbJgMBD8FojMpAf+Z+qn4A==}
    engines: {node: 14 || >=16.14}
    dev: true

  /magic-string@0.30.0:
    resolution: {integrity: sha512-LA+31JYDJLs82r2ScLrlz1GjSgu66ZV518eyWT+S8VhyQn/JL0u9MeBOvQMGYiPk1DBiSN9DDMOcXvigJZaViQ==}
    engines: {node: '>=12'}
    dependencies:
      '@jridgewell/sourcemap-codec': 1.4.15
    dev: true

  /mark.js@8.11.1:
    resolution: {integrity: sha1-GA8fnr74sOY45BZq1S24eb6y/8U=}
    dev: true

  /minimatch@9.0.1:
    resolution: {integrity: sha512-0jWhJpD/MdhPXwPuiRkCbfYfSKp2qnn2eOc279qI7f+osl/l+prKSrvhg157zSYvx/1nmgn2NqdT6k2Z7zSH9w==}
    engines: {node: '>=16 || 14 >=14.17'}
    dependencies:
      brace-expansion: 2.0.1
    dev: true

  /minipass@6.0.2:
    resolution: {integrity: sha512-MzWSV5nYVT7mVyWCwn2o7JH13w2TBRmmSqSRCKzTw+lmft9X4z+3wjvs06Tzijo5z4W/kahUCDpRXTF+ZrmF/w==}
    engines: {node: '>=16 || 14 >=14.17'}
    dev: true

  /minisearch@6.1.0:
    resolution: {integrity: sha512-PNxA/X8pWk+TiqPbsoIYH0GQ5Di7m6326/lwU/S4mlo4wGQddIcf/V//1f9TB0V4j59b57b+HZxt8h3iMROGvg==}
    dev: true

  /nanoid@3.3.6:
    resolution: {integrity: sha512-BGcqMMJuToF7i1rt+2PWSNVnWIkGCU78jBG3RxO/bZlnZPK2Cmi2QaffxGO/2RvWi9sL+FAiRiXMgsyxQ1DIDA==}
    engines: {node: ^10 || ^12 || ^13.7 || ^14 || >=15.0.1}
    hasBin: true
    dev: true

  /path-key@3.1.1:
    resolution: {integrity: sha512-ojmeN0qd+y0jszEtoY48r0Peq5dwMEkIlCOu6Q5f41lfkswXuKtYrhgoTpLnyIcHm24Uhqx+5Tqm2InSwLhE6Q==}
    engines: {node: '>=8'}
    dev: true

  /path-scurry@1.9.2:
    resolution: {integrity: sha512-qSDLy2aGFPm8i4rsbHd4MNyTcrzHFsLQykrtbuGRknZZCBBVXSv2tSCDN2Cg6Rt/GFRw8GoW9y9Ecw5rIPG1sg==}
    engines: {node: '>=16 || 14 >=14.17'}
    dependencies:
      lru-cache: 9.1.1
      minipass: 6.0.2
    dev: true

  /picocolors@1.0.0:
    resolution: {integrity: sha512-1fygroTLlHu66zi26VoTDv8yRgm0Fccecssto+MhsZ0D/DGW2sm8E8AjW7NU5VVTRt5GxbeZ5qBuJr+HyLYkjQ==}
    dev: true

  /postcss@8.4.24:
    resolution: {integrity: sha512-M0RzbcI0sO/XJNucsGjvWU9ERWxb/ytp1w6dKtxTKgixdtQDq4rmx/g8W1hnaheq9jgwL/oyEdH5Bc4WwJKMqg==}
    engines: {node: ^10 || ^12 || >=14}
    dependencies:
      nanoid: 3.3.6
      picocolors: 1.0.0
      source-map-js: 1.0.2
    dev: true

  /preact@10.15.1:
    resolution: {integrity: sha512-qs2ansoQEwzNiV5eAcRT1p1EC/dmEzaATVDJNiB3g2sRDWdA7b7MurXdJjB2+/WQktGWZwxvDrnuRFbWuIr64g==}
    dev: true

  /regenerator-runtime@0.13.11:
    resolution: {integrity: sha512-kY1AZVr2Ra+t+piVaJ4gxaFaReZVH40AKNo7UCX6W+dEwBo/2oZJzqfuN1qLq1oL45o56cPaTXELwrTh8Fpggg==}
    dev: true

  /rollup@3.23.0:
    resolution: {integrity: sha512-h31UlwEi7FHihLe1zbk+3Q7z1k/84rb9BSwmBSr/XjOCEaBJ2YyedQDuM0t/kfOS0IxM+vk1/zI9XxYj9V+NJQ==}
    engines: {node: '>=14.18.0', npm: '>=8.0.0'}
    hasBin: true
    optionalDependencies:
      fsevents: 2.3.2
    dev: true

  /section-matter@1.0.0:
    resolution: {integrity: sha512-vfD3pmTzGpufjScBh50YHKzEu2lxBWhVEHsNGoEXmCmn2hKGfeNLYMzCJpe8cD7gqX7TJluOVpBkAequ6dgMmA==}
    engines: {node: '>=4'}
    dependencies:
      extend-shallow: 2.0.1
      kind-of: 6.0.3
    dev: true

  /shebang-command@2.0.0:
    resolution: {integrity: sha512-kHxr2zZpYtdmrN1qDjrrX/Z1rR1kG8Dx+gkpK1G4eXmvXswmcE1hTWBWYUzlraYw1/yZp6YuDY77YtvbN0dmDA==}
    engines: {node: '>=8'}
    dependencies:
      shebang-regex: 3.0.0
    dev: true

  /shebang-regex@3.0.0:
    resolution: {integrity: sha512-7++dFhtcx3353uBaq8DDR4NuxBetBzC7ZQOhmTQInHEd6bSrXdiEyzCvG07Z44UYdLShWUyXt5M/yhz8ekcb1A==}
    engines: {node: '>=8'}
    dev: true

  /shiki@0.14.2:
    resolution: {integrity: sha512-ltSZlSLOuSY0M0Y75KA+ieRaZ0Trf5Wl3gutE7jzLuIcWxLp5i/uEnLoQWNvgKXQ5OMpGkJnVMRLAuzjc0LJ2A==}
    dependencies:
      ansi-sequence-parser: 1.1.0
      jsonc-parser: 3.2.0
      vscode-oniguruma: 1.7.0
      vscode-textmate: 8.0.0
    dev: true

  /signal-exit@4.0.2:
    resolution: {integrity: sha512-MY2/qGx4enyjprQnFaZsHib3Yadh3IXyV2C321GY0pjGfVBu4un0uDJkwgdxqO+Rdx8JMT8IfJIRwbYVz3Ob3Q==}
    engines: {node: '>=14'}
    dev: true

  /source-map-js@1.0.2:
    resolution: {integrity: sha512-R0XvVJ9WusLiqTCEiGCmICCMplcCkIwwR11mOSD9CR5u+IXYdiseeEuXCVAjS54zqwkLcPNnmU4OeJ6tUrWhDw==}
    engines: {node: '>=0.10.0'}
    dev: true

  /source-map-support@0.5.21:
    resolution: {integrity: sha512-uBHU3L3czsIyYXKX88fdrGovxdSCoTGDRZ6SYXtSRxLZUzHg5P/66Ht6uoUlHu9EZod+inXhKo3qQgwXUT/y1w==}
    dependencies:
      buffer-from: 1.1.2
      source-map: 0.6.1
    dev: true

  /source-map@0.6.1:
    resolution: {integrity: sha512-UjgapumWlbMhkBgzT7Ykc5YXUT46F0iKu8SGXq0bcwP5dz/h0Plj6enJqjz1Zbq2l5WaqYnrVbwWOWMyF3F47g==}
    engines: {node: '>=0.10.0'}
    dev: true

  /sprintf-js@1.0.3:
    resolution: {integrity: sha1-BOaSb2YolTVPPdAVIDYzuFcpfiw=}
    dev: true

  /string-width@4.2.3:
    resolution: {integrity: sha512-wKyQRQpjJ0sIp62ErSZdGsjMJWsap5oRNihHhu6G7JVO/9jIB6UyevL+tXuOqrng8j/cxKTWyWUwvSTriiZz/g==}
    engines: {node: '>=8'}
    dependencies:
      emoji-regex: 8.0.0
      is-fullwidth-code-point: 3.0.0
      strip-ansi: 6.0.1
    dev: true

  /string-width@5.1.2:
    resolution: {integrity: sha512-HnLOCR3vjcY8beoNLtcjZ5/nxn2afmME6lhrDrebokqMap+XbeW8n9TXpPDOqdGK5qcI3oT0GKTW6wC7EMiVqA==}
    engines: {node: '>=12'}
    dependencies:
      eastasianwidth: 0.2.0
      emoji-regex: 9.2.2
      strip-ansi: 7.1.0
    dev: true

  /strip-ansi@6.0.1:
    resolution: {integrity: sha512-Y38VPSHcqkFrCpFnQ9vuSXmquuv5oXOKpGeT6aGrr3o3Gc9AlVa6JBfUSOCnbxGGZF+/0ooI7KrPuUSztUdU5A==}
    engines: {node: '>=8'}
    dependencies:
      ansi-regex: 5.0.1
    dev: true

  /strip-ansi@7.1.0:
    resolution: {integrity: sha512-iq6eVVI64nQQTRYq2KtEg2d2uU7LElhTJwsH4YzIHZshxlgZms/wIc4VoDQTlG/IvVIrBKG06CrZnp0qv7hkcQ==}
    engines: {node: '>=12'}
    dependencies:
      ansi-regex: 6.0.1
    dev: true

  /strip-bom-string@1.0.0:
    resolution: {integrity: sha1-5SEekiQ2n7uB1jOi8ABE3IztrZI=}
    engines: {node: '>=0.10.0'}
    dev: true

  /tabbable@6.1.2:
    resolution: {integrity: sha512-qCN98uP7i9z0fIS4amQ5zbGBOq+OSigYeGvPy7NDk8Y9yncqDZ9pRPgfsc2PJIVM9RrJj7GIfuRgmjoUU9zTHQ==}
    dev: true

  /to-fast-properties@2.0.0:
    resolution: {integrity: sha1-3F5pjL0HkmW8c+A3doGk5Og/YW4=}
    engines: {node: '>=4'}
    dev: true

  /tsx@3.12.7:
    resolution: {integrity: sha512-C2Ip+jPmqKd1GWVQDvz/Eyc6QJbGfE7NrR3fx5BpEHMZsEHoIxHL1j+lKdGobr8ovEyqeNkPLSKp6SCSOt7gmw==}
    hasBin: true
    dependencies:
      '@esbuild-kit/cjs-loader': 2.4.2
      '@esbuild-kit/core-utils': 3.1.0
      '@esbuild-kit/esm-loader': 2.5.5
    optionalDependencies:
      fsevents: 2.3.2
    dev: true

  /typescript@5.0.4:
    resolution: {integrity: sha512-cW9T5W9xY37cc+jfEnaUvX91foxtHkza3Nw3wkoF4sSlKn0MONdkdEndig/qPBWXNkmplh3NzayQzCiHM4/hqw==}
    engines: {node: '>=12.20'}
    hasBin: true
    dev: true

  /vite@4.3.9(@types/node@20.2.5):
    resolution: {integrity: sha512-qsTNZjO9NoJNW7KnOrgYwczm0WctJ8m/yqYAMAK9Lxt4SoySUfS5S8ia9K7JHpa3KEeMfyF8LoJ3c5NeBJy6pg==}
    engines: {node: ^14.18.0 || >=16.0.0}
    hasBin: true
    peerDependencies:
      '@types/node': '>= 14'
      less: '*'
      sass: '*'
      stylus: '*'
      sugarss: '*'
      terser: ^5.4.0
    peerDependenciesMeta:
      '@types/node':
        optional: true
      less:
        optional: true
      sass:
        optional: true
      stylus:
        optional: true
      sugarss:
        optional: true
      terser:
        optional: true
    dependencies:
      '@types/node': 20.2.5
      esbuild: 0.17.19
      postcss: 8.4.24
      rollup: 3.23.0
    optionalDependencies:
      fsevents: 2.3.2
    dev: true

  /vitepress@1.0.0-beta.1(@types/node@20.2.5):
    resolution: {integrity: sha512-V2yyCwQ+v9fh7rbnGDLp8M7vHa9sLElexXf/JHtBOsOwv7ed9wt1QI4WUagYgKR3TeoJT9v2s6f0UaQSne0EvQ==}
    hasBin: true
    dependencies:
      '@docsearch/css': 3.4.0
      '@docsearch/js': 3.4.0
      '@vitejs/plugin-vue': 4.2.3(vite@4.3.9)(vue@3.3.4)
      '@vue/devtools-api': 6.5.0
      '@vueuse/core': 10.1.2(vue@3.3.4)
      '@vueuse/integrations': 10.1.2(focus-trap@7.4.3)(vue@3.3.4)
      body-scroll-lock: 4.0.0-beta.0
      focus-trap: 7.4.3
      mark.js: 8.11.1
      minisearch: 6.1.0
      shiki: 0.14.2
      vite: 4.3.9(@types/node@20.2.5)
      vue: 3.3.4
    transitivePeerDependencies:
      - '@algolia/client-search'
      - '@types/node'
      - '@types/react'
      - '@vue/composition-api'
      - async-validator
      - axios
      - change-case
      - drauu
      - fuse.js
      - idb-keyval
      - jwt-decode
      - less
      - nprogress
      - qrcode
      - react
      - react-dom
      - sass
      - sortablejs
      - stylus
      - sugarss
      - terser
      - universal-cookie
    dev: true

  /vscode-oniguruma@1.7.0:
    resolution: {integrity: sha512-L9WMGRfrjOhgHSdOYgCt/yRMsXzLDJSL7BPrOZt73gU0iWO4mpqzqQzOz5srxqTvMBaR0XZTSrVWo4j55Rc6cA==}
    dev: true

  /vscode-textmate@8.0.0:
    resolution: {integrity: sha512-AFbieoL7a5LMqcnOF04ji+rpXadgOXnZsxQr//r83kLPr7biP7am3g9zbaZIaBGwBRWeSvoMD4mgPdX3e4NWBg==}
    dev: true

  /vue-demi@0.14.5(vue@3.3.4):
    resolution: {integrity: sha512-o9NUVpl/YlsGJ7t+xuqJKx8EBGf1quRhCiT6D/J0pfwmk9zUwYkC7yrF4SZCe6fETvSM3UNL2edcbYrSyc4QHA==}
    engines: {node: '>=12'}
    hasBin: true
    requiresBuild: true
    peerDependencies:
      '@vue/composition-api': ^1.0.0-rc.1
      vue: ^3.0.0-0 || ^2.6.0
    peerDependenciesMeta:
      '@vue/composition-api':
        optional: true
    dependencies:
      vue: 3.3.4
    dev: true

  /vue@3.3.4:
    resolution: {integrity: sha512-VTyEYn3yvIeY1Py0WaYGZsXnz3y5UnGi62GjVEqvEGPl6nxbOrCXbVOTQWBEJUqAyTUk2uJ5JLVnYJ6ZzGbrSw==}
    dependencies:
      '@vue/compiler-dom': 3.3.4
      '@vue/compiler-sfc': 3.3.4
      '@vue/runtime-dom': 3.3.4
      '@vue/server-renderer': 3.3.4(vue@3.3.4)
      '@vue/shared': 3.3.4
    dev: true

  /which@2.0.2:
    resolution: {integrity: sha512-BLI3Tl1TW3Pvl70l3yq3Y64i+awpwXqsGBYWkkqMtnbXgrMD+yj7rhW0kuEDxzJaYXGjEW5ogapKNMEKNMjibA==}
    engines: {node: '>= 8'}
    hasBin: true
    dependencies:
      isexe: 2.0.0
    dev: true

  /wrap-ansi@7.0.0:
    resolution: {integrity: sha512-YVGIj2kamLSTxw6NsZjoBxfSwsn0ycdesmc4p+Q21c5zPuZ1pl+NfxVdxPtdHvmNVOQ6XSYG4AUtyt/Fi7D16Q==}
    engines: {node: '>=10'}
    dependencies:
      ansi-styles: 4.3.0
      string-width: 4.2.3
      strip-ansi: 6.0.1
    dev: true

  /wrap-ansi@8.1.0:
    resolution: {integrity: sha512-si7QWI6zUMq56bESFvagtmzMdGOtoxfR+Sez11Mobfc7tm+VkUckk9bW2UeffTGVUbOksxmSw0AA2gs8g71NCQ==}
    engines: {node: '>=12'}
    dependencies:
      ansi-styles: 6.2.1
      string-width: 5.1.2
      strip-ansi: 7.1.0
    dev: true
